// !$*UTF8*$!
{
	archiveVersion = 1;
	classes = {
	};
	objectVersion = 56;
	objects = {

/* Begin PBXBuildFile section */
		5110A2AD2B74DFA60043D840 /* ViewModel.swift in Sources */ = {isa = PBXBuildFile; fileRef = 5110A2AC2B74DFA60043D840 /* ViewModel.swift */; };
		51297BD92ABE081D0007340C /* Legacy.swift in Sources */ = {isa = PBXBuildFile; fileRef = 51297BD82ABE081D0007340C /* Legacy.swift */; };
		5135F1442B844EA9003A6C4B /* Request.swift in Sources */ = {isa = PBXBuildFile; fileRef = 5135F1432B844EA9003A6C4B /* Request.swift */; };
		514D09012AAC48EE0084C4BD /* Nuke in Frameworks */ = {isa = PBXBuildFile; productRef = 514D09002AAC48EE0084C4BD /* Nuke */; };
		514D09032AAC48EE0084C4BD /* NukeExtensions in Frameworks */ = {isa = PBXBuildFile; productRef = 514D09022AAC48EE0084C4BD /* NukeExtensions */; };
		514D09052AAC48EE0084C4BD /* NukeUI in Frameworks */ = {isa = PBXBuildFile; productRef = 514D09042AAC48EE0084C4BD /* NukeUI */; };
		514D09072AAC48EE0084C4BD /* NukeVideo in Frameworks */ = {isa = PBXBuildFile; productRef = 514D09062AAC48EE0084C4BD /* NukeVideo */; };
		515A6EFF2AAB180200AA1D43 /* Response.swift in Sources */ = {isa = PBXBuildFile; fileRef = 515A6EFE2AAB180200AA1D43 /* Response.swift */; };
		515A6F012AAB1ED000AA1D43 /* Client.swift in Sources */ = {isa = PBXBuildFile; fileRef = 515A6F002AAB1ED000AA1D43 /* Client.swift */; };
		515A6F032AAB4C8300AA1D43 /* Error.swift in Sources */ = {isa = PBXBuildFile; fileRef = 515A6F022AAB4C8200AA1D43 /* Error.swift */; };
		516D1AF92AAACB1A00C90060 /* BottleApp.swift in Sources */ = {isa = PBXBuildFile; fileRef = 516D1AF82AAACB1A00C90060 /* BottleApp.swift */; };
		516D1AFB2AAACB1A00C90060 /* ContentView.swift in Sources */ = {isa = PBXBuildFile; fileRef = 516D1AFA2AAACB1A00C90060 /* ContentView.swift */; };
		516D1AFD2AAACB1D00C90060 /* Assets.xcassets in Resources */ = {isa = PBXBuildFile; fileRef = 516D1AFC2AAACB1D00C90060 /* Assets.xcassets */; };
		516D1B012AAACB1D00C90060 /* Preview Assets.xcassets in Resources */ = {isa = PBXBuildFile; fileRef = 516D1B002AAACB1D00C90060 /* Preview Assets.xcassets */; };
		516D1B0B2AAACB1E00C90060 /* BottleTests.swift in Sources */ = {isa = PBXBuildFile; fileRef = 516D1B0A2AAACB1E00C90060 /* BottleTests.swift */; };
		516D1B152AAACB1E00C90060 /* BottleUITests.swift in Sources */ = {isa = PBXBuildFile; fileRef = 516D1B142AAACB1E00C90060 /* BottleUITests.swift */; };
		516D1B172AAACB1E00C90060 /* BottleUITestsLaunchTests.swift in Sources */ = {isa = PBXBuildFile; fileRef = 516D1B162AAACB1E00C90060 /* BottleUITestsLaunchTests.swift */; };
		51ABF5DC2AEAB80500BCC986 /* UserList.swift in Sources */ = {isa = PBXBuildFile; fileRef = 51ABF5DB2AEAB80500BCC986 /* UserList.swift */; };
		51ABF5DE2AEAB82C00BCC986 /* MediaGrid.swift in Sources */ = {isa = PBXBuildFile; fileRef = 51ABF5DD2AEAB82C00BCC986 /* MediaGrid.swift */; };
		51C363482AC0908800065E53 /* Util.swift in Sources */ = {isa = PBXBuildFile; fileRef = 51C363472AC0908800065E53 /* Util.swift */; };
		51CC71192AB1B23E00A85047 /* MediaView.swift in Sources */ = {isa = PBXBuildFile; fileRef = 51CC71182AB1B23E00A85047 /* MediaView.swift */; };
		51DAFC912AECBE60004B019A /* VerticalScrollFix.swift in Sources */ = {isa = PBXBuildFile; fileRef = 51DAFC902AECBE60004B019A /* VerticalScrollFix.swift */; };
		51EADE742AC134840019A6CE /* StatusBar.swift in Sources */ = {isa = PBXBuildFile; fileRef = 51EADE732AC134840019A6CE /* StatusBar.swift */; };
		51FB0E312B412ED90065BF35 /* AppState.swift in Sources */ = {isa = PBXBuildFile; fileRef = 51FB0E302B412ED90065BF35 /* AppState.swift */; };
		51FE7A842BB4760A00B517DA /* PostGrid.swift in Sources */ = {isa = PBXBuildFile; fileRef = 51FE7A832BB4760A00B517DA /* PostGrid.swift */; };
		51FE7A862BB4767E00B517DA /* PostView.swift in Sources */ = {isa = PBXBuildFile; fileRef = 51FE7A852BB4767E00B517DA /* PostView.swift */; };
		51FF117C2B3F214D00D31336 /* Zoom.swift in Sources */ = {isa = PBXBuildFile; fileRef = 51FF117B2B3F214D00D31336 /* Zoom.swift */; };
/* End PBXBuildFile section */

/* Begin PBXContainerItemProxy section */
		516D1B072AAACB1E00C90060 /* PBXContainerItemProxy */ = {
			isa = PBXContainerItemProxy;
			containerPortal = 516D1AED2AAACB1A00C90060 /* Project object */;
			proxyType = 1;
			remoteGlobalIDString = 516D1AF42AAACB1A00C90060;
			remoteInfo = Bottle;
		};
		516D1B112AAACB1E00C90060 /* PBXContainerItemProxy */ = {
			isa = PBXContainerItemProxy;
			containerPortal = 516D1AED2AAACB1A00C90060 /* Project object */;
			proxyType = 1;
			remoteGlobalIDString = 516D1AF42AAACB1A00C90060;
			remoteInfo = Bottle;
		};
/* End PBXContainerItemProxy section */

/* Begin PBXFileReference section */
		5110A2AC2B74DFA60043D840 /* ViewModel.swift */ = {isa = PBXFileReference; lastKnownFileType = sourcecode.swift; path = ViewModel.swift; sourceTree = "<group>"; };
		51297BD82ABE081D0007340C /* Legacy.swift */ = {isa = PBXFileReference; lastKnownFileType = sourcecode.swift; path = Legacy.swift; sourceTree = "<group>"; };
		5135F1432B844EA9003A6C4B /* Request.swift */ = {isa = PBXFileReference; lastKnownFileType = sourcecode.swift; path = Request.swift; sourceTree = "<group>"; };
		515A6EFE2AAB180200AA1D43 /* Response.swift */ = {isa = PBXFileReference; lastKnownFileType = sourcecode.swift; path = Response.swift; sourceTree = "<group>"; };
		515A6F002AAB1ED000AA1D43 /* Client.swift */ = {isa = PBXFileReference; lastKnownFileType = sourcecode.swift; path = Client.swift; sourceTree = "<group>"; };
		515A6F022AAB4C8200AA1D43 /* Error.swift */ = {isa = PBXFileReference; lastKnownFileType = sourcecode.swift; path = Error.swift; sourceTree = "<group>"; };
		516D1AF52AAACB1A00C90060 /* Bottle.app */ = {isa = PBXFileReference; explicitFileType = wrapper.application; includeInIndex = 0; path = Bottle.app; sourceTree = BUILT_PRODUCTS_DIR; };
		516D1AF82AAACB1A00C90060 /* BottleApp.swift */ = {isa = PBXFileReference; lastKnownFileType = sourcecode.swift; path = BottleApp.swift; sourceTree = "<group>"; };
		516D1AFA2AAACB1A00C90060 /* ContentView.swift */ = {isa = PBXFileReference; lastKnownFileType = sourcecode.swift; path = ContentView.swift; sourceTree = "<group>"; };
		516D1AFC2AAACB1D00C90060 /* Assets.xcassets */ = {isa = PBXFileReference; lastKnownFileType = folder.assetcatalog; path = Assets.xcassets; sourceTree = "<group>"; };
		516D1AFE2AAACB1D00C90060 /* Bottle.entitlements */ = {isa = PBXFileReference; lastKnownFileType = text.plist.entitlements; path = Bottle.entitlements; sourceTree = "<group>"; };
		516D1B002AAACB1D00C90060 /* Preview Assets.xcassets */ = {isa = PBXFileReference; lastKnownFileType = folder.assetcatalog; path = "Preview Assets.xcassets"; sourceTree = "<group>"; };
		516D1B062AAACB1E00C90060 /* BottleTests.xctest */ = {isa = PBXFileReference; explicitFileType = wrapper.cfbundle; includeInIndex = 0; path = BottleTests.xctest; sourceTree = BUILT_PRODUCTS_DIR; };
		516D1B0A2AAACB1E00C90060 /* BottleTests.swift */ = {isa = PBXFileReference; lastKnownFileType = sourcecode.swift; path = BottleTests.swift; sourceTree = "<group>"; };
		516D1B102AAACB1E00C90060 /* BottleUITests.xctest */ = {isa = PBXFileReference; explicitFileType = wrapper.cfbundle; includeInIndex = 0; path = BottleUITests.xctest; sourceTree = BUILT_PRODUCTS_DIR; };
		516D1B142AAACB1E00C90060 /* BottleUITests.swift */ = {isa = PBXFileReference; lastKnownFileType = sourcecode.swift; path = BottleUITests.swift; sourceTree = "<group>"; };
		516D1B162AAACB1E00C90060 /* BottleUITestsLaunchTests.swift */ = {isa = PBXFileReference; lastKnownFileType = sourcecode.swift; path = BottleUITestsLaunchTests.swift; sourceTree = "<group>"; };
		51ABF5DB2AEAB80500BCC986 /* UserList.swift */ = {isa = PBXFileReference; lastKnownFileType = sourcecode.swift; path = UserList.swift; sourceTree = "<group>"; };
		51ABF5DD2AEAB82C00BCC986 /* MediaGrid.swift */ = {isa = PBXFileReference; lastKnownFileType = sourcecode.swift; path = MediaGrid.swift; sourceTree = "<group>"; };
		51C363472AC0908800065E53 /* Util.swift */ = {isa = PBXFileReference; lastKnownFileType = sourcecode.swift; path = Util.swift; sourceTree = "<group>"; };
		51CC71182AB1B23E00A85047 /* MediaView.swift */ = {isa = PBXFileReference; lastKnownFileType = sourcecode.swift; path = MediaView.swift; sourceTree = "<group>"; };
		51DAFC902AECBE60004B019A /* VerticalScrollFix.swift */ = {isa = PBXFileReference; lastKnownFileType = sourcecode.swift; path = VerticalScrollFix.swift; sourceTree = "<group>"; };
		51EADE732AC134840019A6CE /* StatusBar.swift */ = {isa = PBXFileReference; lastKnownFileType = sourcecode.swift; path = StatusBar.swift; sourceTree = "<group>"; };
		51FB0E302B412ED90065BF35 /* AppState.swift */ = {isa = PBXFileReference; lastKnownFileType = sourcecode.swift; path = AppState.swift; sourceTree = "<group>"; };
		51FE7A832BB4760A00B517DA /* PostGrid.swift */ = {isa = PBXFileReference; lastKnownFileType = sourcecode.swift; path = PostGrid.swift; sourceTree = "<group>"; };
		51FE7A852BB4767E00B517DA /* PostView.swift */ = {isa = PBXFileReference; lastKnownFileType = sourcecode.swift; path = PostView.swift; sourceTree = "<group>"; };
		51FF117B2B3F214D00D31336 /* Zoom.swift */ = {isa = PBXFileReference; lastKnownFileType = sourcecode.swift; path = Zoom.swift; sourceTree = "<group>"; };
/* End PBXFileReference section */

/* Begin PBXFrameworksBuildPhase section */
		516D1AF22AAACB1A00C90060 /* Frameworks */ = {
			isa = PBXFrameworksBuildPhase;
			buildActionMask = 2147483647;
			files = (
				514D09052AAC48EE0084C4BD /* NukeUI in Frameworks */,
				514D09012AAC48EE0084C4BD /* Nuke in Frameworks */,
				514D09032AAC48EE0084C4BD /* NukeExtensions in Frameworks */,
				514D09072AAC48EE0084C4BD /* NukeVideo in Frameworks */,
			);
			runOnlyForDeploymentPostprocessing = 0;
		};
		516D1B032AAACB1E00C90060 /* Frameworks */ = {
			isa = PBXFrameworksBuildPhase;
			buildActionMask = 2147483647;
			files = (
			);
			runOnlyForDeploymentPostprocessing = 0;
		};
		516D1B0D2AAACB1E00C90060 /* Frameworks */ = {
			isa = PBXFrameworksBuildPhase;
			buildActionMask = 2147483647;
			files = (
			);
			runOnlyForDeploymentPostprocessing = 0;
		};
/* End PBXFrameworksBuildPhase section */

/* Begin PBXGroup section */
		5110A2A72B74D95A0043D840 /* App */ = {
			isa = PBXGroup;
			children = (
				516D1AF82AAACB1A00C90060 /* BottleApp.swift */,
				516D1AFA2AAACB1A00C90060 /* ContentView.swift */,
				5110A2AC2B74DFA60043D840 /* ViewModel.swift */,
			);
			path = App;
			sourceTree = "<group>";
		};
		5110A2A82B74D9610043D840 /* Component */ = {
			isa = PBXGroup;
			children = (
				51ABF5DB2AEAB80500BCC986 /* UserList.swift */,
				51EADE732AC134840019A6CE /* StatusBar.swift */,
				51ABF5DD2AEAB82C00BCC986 /* MediaGrid.swift */,
				51CC71182AB1B23E00A85047 /* MediaView.swift */,
				51FE7A832BB4760A00B517DA /* PostGrid.swift */,
				51FE7A852BB4767E00B517DA /* PostView.swift */,
			);
			path = Component;
			sourceTree = "<group>";
		};
		5110A2A92B74D96D0043D840 /* Data */ = {
			isa = PBXGroup;
			children = (
				515A6EFE2AAB180200AA1D43 /* Response.swift */,
				5135F1432B844EA9003A6C4B /* Request.swift */,
				515A6F002AAB1ED000AA1D43 /* Client.swift */,
				51FB0E302B412ED90065BF35 /* AppState.swift */,
			);
			path = Data;
			sourceTree = "<group>";
		};
		5110A2AB2B74D9E70043D840 /* Util */ = {
			isa = PBXGroup;
			children = (
				51C363472AC0908800065E53 /* Util.swift */,
				515A6F022AAB4C8200AA1D43 /* Error.swift */,
				51297BD82ABE081D0007340C /* Legacy.swift */,
				51FF117B2B3F214D00D31336 /* Zoom.swift */,
				51DAFC902AECBE60004B019A /* VerticalScrollFix.swift */,
			);
			path = Util;
			sourceTree = "<group>";
		};
		516D1AEC2AAACB1A00C90060 = {
			isa = PBXGroup;
			children = (
				516D1AF72AAACB1A00C90060 /* Bottle */,
				516D1B092AAACB1E00C90060 /* BottleTests */,
				516D1B132AAACB1E00C90060 /* BottleUITests */,
				516D1AF62AAACB1A00C90060 /* Products */,
			);
			sourceTree = "<group>";
		};
		516D1AF62AAACB1A00C90060 /* Products */ = {
			isa = PBXGroup;
			children = (
				516D1AF52AAACB1A00C90060 /* Bottle.app */,
				516D1B062AAACB1E00C90060 /* BottleTests.xctest */,
				516D1B102AAACB1E00C90060 /* BottleUITests.xctest */,
			);
			name = Products;
			sourceTree = "<group>";
		};
		516D1AF72AAACB1A00C90060 /* Bottle */ = {
			isa = PBXGroup;
			children = (
				5110A2A72B74D95A0043D840 /* App */,
				5110A2A92B74D96D0043D840 /* Data */,
				5110A2A82B74D9610043D840 /* Component */,
				5110A2AB2B74D9E70043D840 /* Util */,
				516D1AFE2AAACB1D00C90060 /* Bottle.entitlements */,
				516D1AFC2AAACB1D00C90060 /* Assets.xcassets */,
				516D1AFF2AAACB1D00C90060 /* Preview Content */,
			);
			path = Bottle;
			sourceTree = "<group>";
		};
		516D1AFF2AAACB1D00C90060 /* Preview Content */ = {
			isa = PBXGroup;
			children = (
				516D1B002AAACB1D00C90060 /* Preview Assets.xcassets */,
			);
			path = "Preview Content";
			sourceTree = "<group>";
		};
		516D1B092AAACB1E00C90060 /* BottleTests */ = {
			isa = PBXGroup;
			children = (
				516D1B0A2AAACB1E00C90060 /* BottleTests.swift */,
			);
			path = BottleTests;
			sourceTree = "<group>";
		};
		516D1B132AAACB1E00C90060 /* BottleUITests */ = {
			isa = PBXGroup;
			children = (
				516D1B142AAACB1E00C90060 /* BottleUITests.swift */,
				516D1B162AAACB1E00C90060 /* BottleUITestsLaunchTests.swift */,
			);
			path = BottleUITests;
			sourceTree = "<group>";
		};
/* End PBXGroup section */

/* Begin PBXNativeTarget section */
		516D1AF42AAACB1A00C90060 /* Bottle */ = {
			isa = PBXNativeTarget;
			buildConfigurationList = 516D1B1A2AAACB1E00C90060 /* Build configuration list for PBXNativeTarget "Bottle" */;
			buildPhases = (
				516D1AF12AAACB1A00C90060 /* Sources */,
				516D1AF22AAACB1A00C90060 /* Frameworks */,
				516D1AF32AAACB1A00C90060 /* Resources */,
			);
			buildRules = (
			);
			dependencies = (
			);
			name = Bottle;
			packageProductDependencies = (
				514D09002AAC48EE0084C4BD /* Nuke */,
				514D09022AAC48EE0084C4BD /* NukeExtensions */,
				514D09042AAC48EE0084C4BD /* NukeUI */,
				514D09062AAC48EE0084C4BD /* NukeVideo */,
			);
			productName = Bottle;
			productReference = 516D1AF52AAACB1A00C90060 /* Bottle.app */;
			productType = "com.apple.product-type.application";
		};
		516D1B052AAACB1E00C90060 /* BottleTests */ = {
			isa = PBXNativeTarget;
			buildConfigurationList = 516D1B1D2AAACB1E00C90060 /* Build configuration list for PBXNativeTarget "BottleTests" */;
			buildPhases = (
				516D1B022AAACB1E00C90060 /* Sources */,
				516D1B032AAACB1E00C90060 /* Frameworks */,
				516D1B042AAACB1E00C90060 /* Resources */,
			);
			buildRules = (
			);
			dependencies = (
				516D1B082AAACB1E00C90060 /* PBXTargetDependency */,
			);
			name = BottleTests;
			productName = BottleTests;
			productReference = 516D1B062AAACB1E00C90060 /* BottleTests.xctest */;
			productType = "com.apple.product-type.bundle.unit-test";
		};
		516D1B0F2AAACB1E00C90060 /* BottleUITests */ = {
			isa = PBXNativeTarget;
			buildConfigurationList = 516D1B202AAACB1E00C90060 /* Build configuration list for PBXNativeTarget "BottleUITests" */;
			buildPhases = (
				516D1B0C2AAACB1E00C90060 /* Sources */,
				516D1B0D2AAACB1E00C90060 /* Frameworks */,
				516D1B0E2AAACB1E00C90060 /* Resources */,
			);
			buildRules = (
			);
			dependencies = (
				516D1B122AAACB1E00C90060 /* PBXTargetDependency */,
			);
			name = BottleUITests;
			productName = BottleUITests;
			productReference = 516D1B102AAACB1E00C90060 /* BottleUITests.xctest */;
			productType = "com.apple.product-type.bundle.ui-testing";
		};
/* End PBXNativeTarget section */

/* Begin PBXProject section */
		516D1AED2AAACB1A00C90060 /* Project object */ = {
			isa = PBXProject;
			attributes = {
				BuildIndependentTargetsInParallel = 1;
				LastSwiftUpdateCheck = 1430;
				LastUpgradeCheck = 1500;
				TargetAttributes = {
					516D1AF42AAACB1A00C90060 = {
						CreatedOnToolsVersion = 14.3.1;
					};
					516D1B052AAACB1E00C90060 = {
						CreatedOnToolsVersion = 14.3.1;
						TestTargetID = 516D1AF42AAACB1A00C90060;
					};
					516D1B0F2AAACB1E00C90060 = {
						CreatedOnToolsVersion = 14.3.1;
						TestTargetID = 516D1AF42AAACB1A00C90060;
					};
				};
			};
			buildConfigurationList = 516D1AF02AAACB1A00C90060 /* Build configuration list for PBXProject "Bottle" */;
			compatibilityVersion = "Xcode 14.0";
			developmentRegion = en;
			hasScannedForEncodings = 0;
			knownRegions = (
				en,
				Base,
			);
			mainGroup = 516D1AEC2AAACB1A00C90060;
			packageReferences = (
				514D08FF2AAC48EE0084C4BD /* XCRemoteSwiftPackageReference "Nuke" */,
			);
			productRefGroup = 516D1AF62AAACB1A00C90060 /* Products */;
			projectDirPath = "";
			projectRoot = "";
			targets = (
				516D1AF42AAACB1A00C90060 /* Bottle */,
				516D1B052AAACB1E00C90060 /* BottleTests */,
				516D1B0F2AAACB1E00C90060 /* BottleUITests */,
			);
		};
/* End PBXProject section */

/* Begin PBXResourcesBuildPhase section */
		516D1AF32AAACB1A00C90060 /* Resources */ = {
			isa = PBXResourcesBuildPhase;
			buildActionMask = 2147483647;
			files = (
				516D1B012AAACB1D00C90060 /* Preview Assets.xcassets in Resources */,
				516D1AFD2AAACB1D00C90060 /* Assets.xcassets in Resources */,
			);
			runOnlyForDeploymentPostprocessing = 0;
		};
		516D1B042AAACB1E00C90060 /* Resources */ = {
			isa = PBXResourcesBuildPhase;
			buildActionMask = 2147483647;
			files = (
			);
			runOnlyForDeploymentPostprocessing = 0;
		};
		516D1B0E2AAACB1E00C90060 /* Resources */ = {
			isa = PBXResourcesBuildPhase;
			buildActionMask = 2147483647;
			files = (
			);
			runOnlyForDeploymentPostprocessing = 0;
		};
/* End PBXResourcesBuildPhase section */

/* Begin PBXSourcesBuildPhase section */
		516D1AF12AAACB1A00C90060 /* Sources */ = {
			isa = PBXSourcesBuildPhase;
			buildActionMask = 2147483647;
			files = (
				51ABF5DC2AEAB80500BCC986 /* UserList.swift in Sources */,
				5135F1442B844EA9003A6C4B /* Request.swift in Sources */,
				51C363482AC0908800065E53 /* Util.swift in Sources */,
				51FF117C2B3F214D00D31336 /* Zoom.swift in Sources */,
				51CC71192AB1B23E00A85047 /* MediaView.swift in Sources */,
				51DAFC912AECBE60004B019A /* VerticalScrollFix.swift in Sources */,
				5110A2AD2B74DFA60043D840 /* ViewModel.swift in Sources */,
				516D1AFB2AAACB1A00C90060 /* ContentView.swift in Sources */,
				51FB0E312B412ED90065BF35 /* AppState.swift in Sources */,
				515A6EFF2AAB180200AA1D43 /* Response.swift in Sources */,
				51EADE742AC134840019A6CE /* StatusBar.swift in Sources */,
				51FE7A862BB4767E00B517DA /* PostView.swift in Sources */,
				51297BD92ABE081D0007340C /* Legacy.swift in Sources */,
				515A6F012AAB1ED000AA1D43 /* Client.swift in Sources */,
				515A6F032AAB4C8300AA1D43 /* Error.swift in Sources */,
				51ABF5DE2AEAB82C00BCC986 /* MediaGrid.swift in Sources */,
				51FE7A842BB4760A00B517DA /* PostGrid.swift in Sources */,
				516D1AF92AAACB1A00C90060 /* BottleApp.swift in Sources */,
			);
			runOnlyForDeploymentPostprocessing = 0;
		};
		516D1B022AAACB1E00C90060 /* Sources */ = {
			isa = PBXSourcesBuildPhase;
			buildActionMask = 2147483647;
			files = (
				516D1B0B2AAACB1E00C90060 /* BottleTests.swift in Sources */,
			);
			runOnlyForDeploymentPostprocessing = 0;
		};
		516D1B0C2AAACB1E00C90060 /* Sources */ = {
			isa = PBXSourcesBuildPhase;
			buildActionMask = 2147483647;
			files = (
				516D1B172AAACB1E00C90060 /* BottleUITestsLaunchTests.swift in Sources */,
				516D1B152AAACB1E00C90060 /* BottleUITests.swift in Sources */,
			);
			runOnlyForDeploymentPostprocessing = 0;
		};
/* End PBXSourcesBuildPhase section */

/* Begin PBXTargetDependency section */
		516D1B082AAACB1E00C90060 /* PBXTargetDependency */ = {
			isa = PBXTargetDependency;
			target = 516D1AF42AAACB1A00C90060 /* Bottle */;
			targetProxy = 516D1B072AAACB1E00C90060 /* PBXContainerItemProxy */;
		};
		516D1B122AAACB1E00C90060 /* PBXTargetDependency */ = {
			isa = PBXTargetDependency;
			target = 516D1AF42AAACB1A00C90060 /* Bottle */;
			targetProxy = 516D1B112AAACB1E00C90060 /* PBXContainerItemProxy */;
		};
/* End PBXTargetDependency section */

/* Begin XCBuildConfiguration section */
		516D1B182AAACB1E00C90060 /* Debug */ = {
			isa = XCBuildConfiguration;
			buildSettings = {
				ALWAYS_SEARCH_USER_PATHS = NO;
				CLANG_ANALYZER_NONNULL = YES;
				CLANG_ANALYZER_NUMBER_OBJECT_CONVERSION = YES_AGGRESSIVE;
				CLANG_CXX_LANGUAGE_STANDARD = "gnu++20";
				CLANG_ENABLE_MODULES = YES;
				CLANG_ENABLE_OBJC_ARC = YES;
				CLANG_ENABLE_OBJC_WEAK = YES;
				CLANG_WARN_BLOCK_CAPTURE_AUTORELEASING = YES;
				CLANG_WARN_BOOL_CONVERSION = YES;
				CLANG_WARN_COMMA = YES;
				CLANG_WARN_CONSTANT_CONVERSION = YES;
				CLANG_WARN_DEPRECATED_OBJC_IMPLEMENTATIONS = YES;
				CLANG_WARN_DIRECT_OBJC_ISA_USAGE = YES_ERROR;
				CLANG_WARN_DOCUMENTATION_COMMENTS = YES;
				CLANG_WARN_EMPTY_BODY = YES;
				CLANG_WARN_ENUM_CONVERSION = YES;
				CLANG_WARN_INFINITE_RECURSION = YES;
				CLANG_WARN_INT_CONVERSION = YES;
				CLANG_WARN_NON_LITERAL_NULL_CONVERSION = YES;
				CLANG_WARN_OBJC_IMPLICIT_RETAIN_SELF = YES;
				CLANG_WARN_OBJC_LITERAL_CONVERSION = YES;
				CLANG_WARN_OBJC_ROOT_CLASS = YES_ERROR;
				CLANG_WARN_QUOTED_INCLUDE_IN_FRAMEWORK_HEADER = YES;
				CLANG_WARN_RANGE_LOOP_ANALYSIS = YES;
				CLANG_WARN_STRICT_PROTOTYPES = YES;
				CLANG_WARN_SUSPICIOUS_MOVE = YES;
				CLANG_WARN_UNGUARDED_AVAILABILITY = YES_AGGRESSIVE;
				CLANG_WARN_UNREACHABLE_CODE = YES;
				CLANG_WARN__DUPLICATE_METHOD_MATCH = YES;
				COPY_PHASE_STRIP = NO;
				DEAD_CODE_STRIPPING = YES;
				DEBUG_INFORMATION_FORMAT = dwarf;
				ENABLE_STRICT_OBJC_MSGSEND = YES;
				ENABLE_TESTABILITY = YES;
				ENABLE_USER_SCRIPT_SANDBOXING = YES;
				GCC_C_LANGUAGE_STANDARD = gnu11;
				GCC_DYNAMIC_NO_PIC = NO;
				GCC_NO_COMMON_BLOCKS = YES;
				GCC_OPTIMIZATION_LEVEL = 0;
				GCC_PREPROCESSOR_DEFINITIONS = (
					"DEBUG=1",
					"$(inherited)",
				);
				GCC_WARN_64_TO_32_BIT_CONVERSION = YES;
				GCC_WARN_ABOUT_RETURN_TYPE = YES_ERROR;
				GCC_WARN_UNDECLARED_SELECTOR = YES;
				GCC_WARN_UNINITIALIZED_AUTOS = YES_AGGRESSIVE;
				GCC_WARN_UNUSED_FUNCTION = YES;
				GCC_WARN_UNUSED_VARIABLE = YES;
				MTL_ENABLE_DEBUG_INFO = INCLUDE_SOURCE;
				MTL_FAST_MATH = YES;
				ONLY_ACTIVE_ARCH = YES;
				SWIFT_ACTIVE_COMPILATION_CONDITIONS = DEBUG;
				SWIFT_OPTIMIZATION_LEVEL = "-Onone";
			};
			name = Debug;
		};
		516D1B192AAACB1E00C90060 /* Release */ = {
			isa = XCBuildConfiguration;
			buildSettings = {
				ALWAYS_SEARCH_USER_PATHS = NO;
				CLANG_ANALYZER_NONNULL = YES;
				CLANG_ANALYZER_NUMBER_OBJECT_CONVERSION = YES_AGGRESSIVE;
				CLANG_CXX_LANGUAGE_STANDARD = "gnu++20";
				CLANG_ENABLE_MODULES = YES;
				CLANG_ENABLE_OBJC_ARC = YES;
				CLANG_ENABLE_OBJC_WEAK = YES;
				CLANG_WARN_BLOCK_CAPTURE_AUTORELEASING = YES;
				CLANG_WARN_BOOL_CONVERSION = YES;
				CLANG_WARN_COMMA = YES;
				CLANG_WARN_CONSTANT_CONVERSION = YES;
				CLANG_WARN_DEPRECATED_OBJC_IMPLEMENTATIONS = YES;
				CLANG_WARN_DIRECT_OBJC_ISA_USAGE = YES_ERROR;
				CLANG_WARN_DOCUMENTATION_COMMENTS = YES;
				CLANG_WARN_EMPTY_BODY = YES;
				CLANG_WARN_ENUM_CONVERSION = YES;
				CLANG_WARN_INFINITE_RECURSION = YES;
				CLANG_WARN_INT_CONVERSION = YES;
				CLANG_WARN_NON_LITERAL_NULL_CONVERSION = YES;
				CLANG_WARN_OBJC_IMPLICIT_RETAIN_SELF = YES;
				CLANG_WARN_OBJC_LITERAL_CONVERSION = YES;
				CLANG_WARN_OBJC_ROOT_CLASS = YES_ERROR;
				CLANG_WARN_QUOTED_INCLUDE_IN_FRAMEWORK_HEADER = YES;
				CLANG_WARN_RANGE_LOOP_ANALYSIS = YES;
				CLANG_WARN_STRICT_PROTOTYPES = YES;
				CLANG_WARN_SUSPICIOUS_MOVE = YES;
				CLANG_WARN_UNGUARDED_AVAILABILITY = YES_AGGRESSIVE;
				CLANG_WARN_UNREACHABLE_CODE = YES;
				CLANG_WARN__DUPLICATE_METHOD_MATCH = YES;
				COPY_PHASE_STRIP = NO;
				DEAD_CODE_STRIPPING = YES;
				DEBUG_INFORMATION_FORMAT = "dwarf-with-dsym";
				ENABLE_NS_ASSERTIONS = NO;
				ENABLE_STRICT_OBJC_MSGSEND = YES;
				ENABLE_USER_SCRIPT_SANDBOXING = YES;
				GCC_C_LANGUAGE_STANDARD = gnu11;
				GCC_NO_COMMON_BLOCKS = YES;
				GCC_WARN_64_TO_32_BIT_CONVERSION = YES;
				GCC_WARN_ABOUT_RETURN_TYPE = YES_ERROR;
				GCC_WARN_UNDECLARED_SELECTOR = YES;
				GCC_WARN_UNINITIALIZED_AUTOS = YES_AGGRESSIVE;
				GCC_WARN_UNUSED_FUNCTION = YES;
				GCC_WARN_UNUSED_VARIABLE = YES;
				MTL_ENABLE_DEBUG_INFO = NO;
				MTL_FAST_MATH = YES;
				SWIFT_COMPILATION_MODE = wholemodule;
				SWIFT_OPTIMIZATION_LEVEL = "-O";
			};
			name = Release;
		};
		516D1B1B2AAACB1E00C90060 /* Debug */ = {
			isa = XCBuildConfiguration;
			buildSettings = {
				ASSETCATALOG_COMPILER_APPICON_NAME = AppIcon;
				ASSETCATALOG_COMPILER_GLOBAL_ACCENT_COLOR_NAME = AccentColor;
				CODE_SIGN_ENTITLEMENTS = Bottle/Bottle.entitlements;
				CODE_SIGN_STYLE = Automatic;
				CURRENT_PROJECT_VERSION = 1;
				DEAD_CODE_STRIPPING = YES;
				DEVELOPMENT_ASSET_PATHS = "\"Bottle/Preview Content\"";
				DEVELOPMENT_TEAM = W98RDS8CH5;
				ENABLE_HARDENED_RUNTIME = YES;
				ENABLE_PREVIEWS = YES;
				GENERATE_INFOPLIST_FILE = YES;
				"INFOPLIST_KEY_UIApplicationSceneManifest_Generation[sdk=iphoneos*]" = YES;
				"INFOPLIST_KEY_UIApplicationSceneManifest_Generation[sdk=iphonesimulator*]" = YES;
				"INFOPLIST_KEY_UIApplicationSupportsIndirectInputEvents[sdk=iphoneos*]" = YES;
				"INFOPLIST_KEY_UIApplicationSupportsIndirectInputEvents[sdk=iphonesimulator*]" = YES;
				"INFOPLIST_KEY_UILaunchScreen_Generation[sdk=iphoneos*]" = YES;
				"INFOPLIST_KEY_UILaunchScreen_Generation[sdk=iphonesimulator*]" = YES;
				"INFOPLIST_KEY_UIStatusBarStyle[sdk=iphoneos*]" = UIStatusBarStyleDefault;
				"INFOPLIST_KEY_UIStatusBarStyle[sdk=iphonesimulator*]" = UIStatusBarStyleDefault;
				INFOPLIST_KEY_UISupportedInterfaceOrientations_iPad = "UIInterfaceOrientationPortrait UIInterfaceOrientationPortraitUpsideDown UIInterfaceOrientationLandscapeLeft UIInterfaceOrientationLandscapeRight";
				INFOPLIST_KEY_UISupportedInterfaceOrientations_iPhone = "UIInterfaceOrientationPortrait UIInterfaceOrientationLandscapeLeft UIInterfaceOrientationLandscapeRight";
				IPHONEOS_DEPLOYMENT_TARGET = 17.0;
				LD_RUNPATH_SEARCH_PATHS = "@executable_path/Frameworks";
				"LD_RUNPATH_SEARCH_PATHS[sdk=macosx*]" = "@executable_path/../Frameworks";
				MACOSX_DEPLOYMENT_TARGET = 14.0;
				MARKETING_VERSION = 1.0;
				PRODUCT_BUNDLE_IDENTIFIER = com.frothywater.Bottle;
				PRODUCT_NAME = "$(TARGET_NAME)";
				SDKROOT = auto;
				SUPPORTED_PLATFORMS = "iphoneos iphonesimulator macosx";
				SWIFT_EMIT_LOC_STRINGS = YES;
				SWIFT_VERSION = 5.0;
				TARGETED_DEVICE_FAMILY = "1,2";
			};
			name = Debug;
		};
		516D1B1C2AAACB1E00C90060 /* Release */ = {
			isa = XCBuildConfiguration;
			buildSettings = {
				ASSETCATALOG_COMPILER_APPICON_NAME = AppIcon;
				ASSETCATALOG_COMPILER_GLOBAL_ACCENT_COLOR_NAME = AccentColor;
				CODE_SIGN_ENTITLEMENTS = Bottle/Bottle.entitlements;
				CODE_SIGN_STYLE = Automatic;
				CURRENT_PROJECT_VERSION = 1;
				DEAD_CODE_STRIPPING = YES;
				DEVELOPMENT_ASSET_PATHS = "\"Bottle/Preview Content\"";
				DEVELOPMENT_TEAM = W98RDS8CH5;
				ENABLE_HARDENED_RUNTIME = YES;
				ENABLE_PREVIEWS = YES;
				GENERATE_INFOPLIST_FILE = YES;
				"INFOPLIST_KEY_UIApplicationSceneManifest_Generation[sdk=iphoneos*]" = YES;
				"INFOPLIST_KEY_UIApplicationSceneManifest_Generation[sdk=iphonesimulator*]" = YES;
				"INFOPLIST_KEY_UIApplicationSupportsIndirectInputEvents[sdk=iphoneos*]" = YES;
				"INFOPLIST_KEY_UIApplicationSupportsIndirectInputEvents[sdk=iphonesimulator*]" = YES;
				"INFOPLIST_KEY_UILaunchScreen_Generation[sdk=iphoneos*]" = YES;
				"INFOPLIST_KEY_UILaunchScreen_Generation[sdk=iphonesimulator*]" = YES;
				"INFOPLIST_KEY_UIStatusBarStyle[sdk=iphoneos*]" = UIStatusBarStyleDefault;
				"INFOPLIST_KEY_UIStatusBarStyle[sdk=iphonesimulator*]" = UIStatusBarStyleDefault;
				INFOPLIST_KEY_UISupportedInterfaceOrientations_iPad = "UIInterfaceOrientationPortrait UIInterfaceOrientationPortraitUpsideDown UIInterfaceOrientationLandscapeLeft UIInterfaceOrientationLandscapeRight";
				INFOPLIST_KEY_UISupportedInterfaceOrientations_iPhone = "UIInterfaceOrientationPortrait UIInterfaceOrientationLandscapeLeft UIInterfaceOrientationLandscapeRight";
				IPHONEOS_DEPLOYMENT_TARGET = 17.0;
				LD_RUNPATH_SEARCH_PATHS = "@executable_path/Frameworks";
				"LD_RUNPATH_SEARCH_PATHS[sdk=macosx*]" = "@executable_path/../Frameworks";
				MACOSX_DEPLOYMENT_TARGET = 14.0;
				MARKETING_VERSION = 1.0;
				PRODUCT_BUNDLE_IDENTIFIER = com.frothywater.Bottle;
				PRODUCT_NAME = "$(TARGET_NAME)";
				SDKROOT = auto;
				SUPPORTED_PLATFORMS = "iphoneos iphonesimulator macosx";
				SWIFT_EMIT_LOC_STRINGS = YES;
				SWIFT_VERSION = 5.0;
				TARGETED_DEVICE_FAMILY = "1,2";
			};
			name = Release;
		};
		516D1B1E2AAACB1E00C90060 /* Debug */ = {
			isa = XCBuildConfiguration;
			buildSettings = {
				ALWAYS_EMBED_SWIFT_STANDARD_LIBRARIES = YES;
				BUNDLE_LOADER = "$(TEST_HOST)";
				CODE_SIGN_STYLE = Automatic;
				CURRENT_PROJECT_VERSION = 1;
				DEAD_CODE_STRIPPING = YES;
				DEVELOPMENT_TEAM = W98RDS8CH5;
				GENERATE_INFOPLIST_FILE = YES;
				IPHONEOS_DEPLOYMENT_TARGET = 16.4;
				MACOSX_DEPLOYMENT_TARGET = 13.3;
				MARKETING_VERSION = 1.0;
				PRODUCT_BUNDLE_IDENTIFIER = com.frothywater.BottleTests;
				PRODUCT_NAME = "$(TARGET_NAME)";
				SDKROOT = auto;
				SUPPORTED_PLATFORMS = "iphoneos iphonesimulator macosx";
				SWIFT_EMIT_LOC_STRINGS = NO;
				SWIFT_VERSION = 5.0;
				TARGETED_DEVICE_FAMILY = "1,2";
				TEST_HOST = "$(BUILT_PRODUCTS_DIR)/Bottle.app/$(BUNDLE_EXECUTABLE_FOLDER_PATH)/Bottle";
			};
			name = Debug;
		};
		516D1B1F2AAACB1E00C90060 /* Release */ = {
			isa = XCBuildConfiguration;
			buildSettings = {
				ALWAYS_EMBED_SWIFT_STANDARD_LIBRARIES = YES;
				BUNDLE_LOADER = "$(TEST_HOST)";
				CODE_SIGN_STYLE = Automatic;
				CURRENT_PROJECT_VERSION = 1;
				DEAD_CODE_STRIPPING = YES;
				DEVELOPMENT_TEAM = W98RDS8CH5;
				GENERATE_INFOPLIST_FILE = YES;
				IPHONEOS_DEPLOYMENT_TARGET = 16.4;
				MACOSX_DEPLOYMENT_TARGET = 13.3;
				MARKETING_VERSION = 1.0;
				PRODUCT_BUNDLE_IDENTIFIER = com.frothywater.BottleTests;
				PRODUCT_NAME = "$(TARGET_NAME)";
				SDKROOT = auto;
				SUPPORTED_PLATFORMS = "iphoneos iphonesimulator macosx";
				SWIFT_EMIT_LOC_STRINGS = NO;
				SWIFT_VERSION = 5.0;
				TARGETED_DEVICE_FAMILY = "1,2";
				TEST_HOST = "$(BUILT_PRODUCTS_DIR)/Bottle.app/$(BUNDLE_EXECUTABLE_FOLDER_PATH)/Bottle";
			};
			name = Release;
		};
		516D1B212AAACB1E00C90060 /* Debug */ = {
			isa = XCBuildConfiguration;
			buildSettings = {
				ALWAYS_EMBED_SWIFT_STANDARD_LIBRARIES = YES;
				CODE_SIGN_STYLE = Automatic;
				CURRENT_PROJECT_VERSION = 1;
				DEAD_CODE_STRIPPING = YES;
				DEVELOPMENT_TEAM = W98RDS8CH5;
				GENERATE_INFOPLIST_FILE = YES;
				IPHONEOS_DEPLOYMENT_TARGET = 16.4;
				MACOSX_DEPLOYMENT_TARGET = 13.3;
				MARKETING_VERSION = 1.0;
				PRODUCT_BUNDLE_IDENTIFIER = com.frothywater.BottleUITests;
				PRODUCT_NAME = "$(TARGET_NAME)";
				SDKROOT = auto;
				SUPPORTED_PLATFORMS = "iphoneos iphonesimulator macosx";
				SWIFT_EMIT_LOC_STRINGS = NO;
				SWIFT_VERSION = 5.0;
				TARGETED_DEVICE_FAMILY = "1,2";
				TEST_TARGET_NAME = Bottle;
			};
			name = Debug;
		};
		516D1B222AAACB1E00C90060 /* Release */ = {
			isa = XCBuildConfiguration;
			buildSettings = {
				ALWAYS_EMBED_SWIFT_STANDARD_LIBRARIES = YES;
				CODE_SIGN_STYLE = Automatic;
				CURRENT_PROJECT_VERSION = 1;
				DEAD_CODE_STRIPPING = YES;
				DEVELOPMENT_TEAM = W98RDS8CH5;
				GENERATE_INFOPLIST_FILE = YES;
				IPHONEOS_DEPLOYMENT_TARGET = 16.4;
				MACOSX_DEPLOYMENT_TARGET = 13.3;
				MARKETING_VERSION = 1.0;
				PRODUCT_BUNDLE_IDENTIFIER = com.frothywater.BottleUITests;
				PRODUCT_NAME = "$(TARGET_NAME)";
				SDKROOT = auto;
				SUPPORTED_PLATFORMS = "iphoneos iphonesimulator macosx";
				SWIFT_EMIT_LOC_STRINGS = NO;
				SWIFT_VERSION = 5.0;
				TARGETED_DEVICE_FAMILY = "1,2";
				TEST_TARGET_NAME = Bottle;
			};
			name = Release;
		};
/* End XCBuildConfiguration section */

/* Begin XCConfigurationList section */
		516D1AF02AAACB1A00C90060 /* Build configuration list for PBXProject "Bottle" */ = {
			isa = XCConfigurationList;
			buildConfigurations = (
				516D1B182AAACB1E00C90060 /* Debug */,
				516D1B192AAACB1E00C90060 /* Release */,
			);
			defaultConfigurationIsVisible = 0;
			defaultConfigurationName = Release;
		};
		516D1B1A2AAACB1E00C90060 /* Build configuration list for PBXNativeTarget "Bottle" */ = {
			isa = XCConfigurationList;
			buildConfigurations = (
				516D1B1B2AAACB1E00C90060 /* Debug */,
				516D1B1C2AAACB1E00C90060 /* Release */,
			);
			defaultConfigurationIsVisible = 0;
			defaultConfigurationName = Release;
		};
		516D1B1D2AAACB1E00C90060 /* Build configuration list for PBXNativeTarget "BottleTests" */ = {
			isa = XCConfigurationList;
			buildConfigurations = (
				516D1B1E2AAACB1E00C90060 /* Debug */,
				516D1B1F2AAACB1E00C90060 /* Release */,
			);
			defaultConfigurationIsVisible = 0;
			defaultConfigurationName = Release;
		};
		516D1B202AAACB1E00C90060 /* Build configuration list for PBXNativeTarget "BottleUITests" */ = {
			isa = XCConfigurationList;
			buildConfigurations = (
				516D1B212AAACB1E00C90060 /* Debug */,
				516D1B222AAACB1E00C90060 /* Release */,
			);
			defaultConfigurationIsVisible = 0;
			defaultConfigurationName = Release;
		};
/* End XCConfigurationList section */

/* Begin XCRemoteSwiftPackageReference section */
		514D08FF2AAC48EE0084C4BD /* XCRemoteSwiftPackageReference "Nuke" */ = {
			isa = XCRemoteSwiftPackageReference;
			repositoryURL = "https://github.com/kean/Nuke";
			requirement = {
				kind = upToNextMajorVersion;
				minimumVersion = 12.0.0;
			};
		};
/* End XCRemoteSwiftPackageReference section */

/* Begin XCSwiftPackageProductDependency section */
		514D09002AAC48EE0084C4BD /* Nuke */ = {
			isa = XCSwiftPackageProductDependency;
			package = 514D08FF2AAC48EE0084C4BD /* XCRemoteSwiftPackageReference "Nuke" */;
			productName = Nuke;
		};
		514D09022AAC48EE0084C4BD /* NukeExtensions */ = {
			isa = XCSwiftPackageProductDependency;
			package = 514D08FF2AAC48EE0084C4BD /* XCRemoteSwiftPackageReference "Nuke" */;
			productName = NukeExtensions;
		};
		514D09042AAC48EE0084C4BD /* NukeUI */ = {
			isa = XCSwiftPackageProductDependency;
			package = 514D08FF2AAC48EE0084C4BD /* XCRemoteSwiftPackageReference "Nuke" */;
			productName = NukeUI;
		};
		514D09062AAC48EE0084C4BD /* NukeVideo */ = {
			isa = XCSwiftPackageProductDependency;
			package = 514D08FF2AAC48EE0084C4BD /* XCRemoteSwiftPackageReference "Nuke" */;
			productName = NukeVideo;
		};
/* End XCSwiftPackageProductDependency section */
	};
	rootObject = 516D1AED2AAACB1A00C90060 /* Project object */;
}
